
Microsoft Visual Studio Solution File, Format Version 12.00
# Visual Studio Version 17
VisualStudioVersion = 17.7.34009.444
MinimumVisualStudioVersion = 10.0.40219.1
Project("{FAE04EC0-301F-11D3-BF4B-00C04F79EFBC}") = "AboutMe", "AboutMe\AboutMe.csproj", "{E5BE1CB4-948D-45D4-8023-1C7F9D6A5CE6}"
EndProject
Global
	GlobalSection(SolutionConfigurationPlatforms) = preSolution
		Debug|Any CPU = Debug|Any CPU
		Release|Any CPU = Release|Any CPU
	EndGlobalSection
	GlobalSection(ProjectConfigurationPlatforms) = postSolution
		{E5BE1CB4-948D-45D4-8023-1C7F9D6A5CE6}.Debug|Any CPU.ActiveCfg = Debug|Any CPU
		{E5BE1CB4-948D-45D4-8023-1C7F9D6A5CE6}.Debug|Any CPU.Build.0 = Debug|Any CPU
		{E5BE1CB4-948D-45D4-8023-1C7F9D6A5CE6}.Release|Any CPU.ActiveCfg = Release|Any CPU
		{E5BE1CB4-948D-45D4-8023-1C7F9D6A5CE6}.Release|Any CPU.Build.0 = Release|Any CPU
	EndGlobalSection
	GlobalSection(SolutionProperties) = preSolution
		HideSolutionNode = FALSE
	EndGlobalSection
	GlobalSection(ExtensibilityGlobals) = postSolution
		SolutionGuid = {B313B201-C40A-4587-9C3D-49C2C4218229}
	EndGlobalSection
EndGlobal
